
Microsoft Visual Studio Solution File, Format Version 12.00
# Visual Studio 15
VisualStudioVersion = 15.0.27130.2024
MinimumVisualStudioVersion = 10.0.40219.1
Project("{FAE04EC0-301F-11D3-BF4B-00C04F79EFBC}") = "GymJunky_API", "GymJunky_API\GymJunky_API.csproj", "{B2D10AB9-EF46-4BB7-B717-0D0250BE506E}"
EndProject
Global
	GlobalSection(SolutionConfigurationPlatforms) = preSolution
		Debug|Any CPU = Debug|Any CPU
		Release|Any CPU = Release|Any CPU
	EndGlobalSection
	GlobalSection(ProjectConfigurationPlatforms) = postSolution
		{B2D10AB9-EF46-4BB7-B717-0D0250BE506E}.Debug|Any CPU.ActiveCfg = Debug|Any CPU
		{B2D10AB9-EF46-4BB7-B717-0D0250BE506E}.Debug|Any CPU.Build.0 = Debug|Any CPU
		{B2D10AB9-EF46-4BB7-B717-0D0250BE506E}.Release|Any CPU.ActiveCfg = Release|Any CPU
		{B2D10AB9-EF46-4BB7-B717-0D0250BE506E}.Release|Any CPU.Build.0 = Release|Any CPU
	EndGlobalSection
	GlobalSection(SolutionProperties) = preSolution
		HideSolutionNode = FALSE
	EndGlobalSection
	GlobalSection(ExtensibilityGlobals) = postSolution
		SolutionGuid = {1F2768CA-31F7-4907-8815-FB00DBBD41F5}
	EndGlobalSection
EndGlobal
